
Microsoft Visual Studio Solution File, Format Version 12.00
# Visual Studio Version 17
VisualStudioVersion = 17.14.36616.10 d17.14
MinimumVisualStudioVersion = 10.0.40219.1
Project("{FAE04EC0-301F-11D3-BF4B-00C04F79EFBC}") = "NexusGames", "NexusGames\NexusGames.csproj", "{13FD85CE-155B-4700-B48B-1273CA43D9B8}"
EndProject
Global
	GlobalSection(SolutionConfigurationPlatforms) = preSolution
		Debug|Any CPU = Debug|Any CPU
		Release|Any CPU = Release|Any CPU
	EndGlobalSection
	GlobalSection(ProjectConfigurationPlatforms) = postSolution
		{13FD85CE-155B-4700-B48B-1273CA43D9B8}.Debug|Any CPU.ActiveCfg = Debug|Any CPU
		{13FD85CE-155B-4700-B48B-1273CA43D9B8}.Debug|Any CPU.Build.0 = Debug|Any CPU
		{13FD85CE-155B-4700-B48B-1273CA43D9B8}.Release|Any CPU.ActiveCfg = Release|Any CPU
		{13FD85CE-155B-4700-B48B-1273CA43D9B8}.Release|Any CPU.Build.0 = Release|Any CPU
	EndGlobalSection
	GlobalSection(SolutionProperties) = preSolution
		HideSolutionNode = FALSE
	EndGlobalSection
	GlobalSection(ExtensibilityGlobals) = postSolution
		SolutionGuid = {102309B5-DB6C-446E-B1E4-7BF4F27C6D6C}
	EndGlobalSection
EndGlobal
